// !$*UTF8*$!
{
	archiveVersion = 1;
	classes = {
	};
	objectVersion = 56;
	objects = {

/* Begin PBXBuildFile section */
		145639822BCD06020085AE4A /* NHSBloodPressureView.swift in Sources */ = {isa = PBXBuildFile; fileRef = 145639812BCD06010085AE4A /* NHSBloodPressureView.swift */; };
		145639852BCD32B40085AE4A /* NHSBloodPressureViewViewModel.swift in Sources */ = {isa = PBXBuildFile; fileRef = 145639842BCD32B40085AE4A /* NHSBloodPressureViewViewModel.swift */; };
		145639952BCD503F0085AE4A /* ReadingIndicatorViewViewModelTest.swift in Sources */ = {isa = PBXBuildFile; fileRef = 145639942BCD503F0085AE4A /* ReadingIndicatorViewViewModelTest.swift */; };
		145639982BD0102A0085AE4A /* BackgroundView.swift in Sources */ = {isa = PBXBuildFile; fileRef = 145639972BD0102A0085AE4A /* BackgroundView.swift */; };
		1456399A2BD0108A0085AE4A /* SystolicAxisView.swift in Sources */ = {isa = PBXBuildFile; fileRef = 145639992BD0108A0085AE4A /* SystolicAxisView.swift */; };
		1456399C2BD011C10085AE4A /* ReadingIndicatorView.swift in Sources */ = {isa = PBXBuildFile; fileRef = 1456399B2BD011C10085AE4A /* ReadingIndicatorView.swift */; };
		1456399E2BD022570085AE4A /* DiastolicAxisView.swift in Sources */ = {isa = PBXBuildFile; fileRef = 1456399D2BD022560085AE4A /* DiastolicAxisView.swift */; };
		145639A02BD023D40085AE4A /* AxisText.swift in Sources */ = {isa = PBXBuildFile; fileRef = 1456399F2BD023D40085AE4A /* AxisText.swift */; };
		145639A42BD185760085AE4A /* ReadingTest.swift in Sources */ = {isa = PBXBuildFile; fileRef = 145639A32BD185760085AE4A /* ReadingTest.swift */; };
		145639A82BD552460085AE4A /* ReadingListViewViewModel.swift in Sources */ = {isa = PBXBuildFile; fileRef = 145639A72BD552460085AE4A /* ReadingListViewViewModel.swift */; };
		145639AB2BD573C30085AE4A /* ReadingListItemViewTest.swift in Sources */ = {isa = PBXBuildFile; fileRef = 145639AA2BD573C30085AE4A /* ReadingListItemViewTest.swift */; };
		1490AE1A2BBD729300E30797 /* ReadingListView.swift in Sources */ = {isa = PBXBuildFile; fileRef = 1490AE192BBD729300E30797 /* ReadingListView.swift */; };
		1490AE1C2BBD8D5200E30797 /* EmptyView.swift in Sources */ = {isa = PBXBuildFile; fileRef = 1490AE1B2BBD8D5200E30797 /* EmptyView.swift */; };
		1490AE1E2BBD96A100E30797 /* ReadingListItemView.swift in Sources */ = {isa = PBXBuildFile; fileRef = 1490AE1D2BBD96A000E30797 /* ReadingListItemView.swift */; };
		1490AE202BBD993500E30797 /* Colours.swift in Sources */ = {isa = PBXBuildFile; fileRef = 1490AE1F2BBD993500E30797 /* Colours.swift */; };
		14E909252BB0787000BD13B5 /* iBloodPressureApp.swift in Sources */ = {isa = PBXBuildFile; fileRef = 14E909242BB0787000BD13B5 /* iBloodPressureApp.swift */; };
		14E909272BB0787000BD13B5 /* ContentView.swift in Sources */ = {isa = PBXBuildFile; fileRef = 14E909262BB0787000BD13B5 /* ContentView.swift */; };
		14E909292BB0787200BD13B5 /* Assets.xcassets in Resources */ = {isa = PBXBuildFile; fileRef = 14E909282BB0787200BD13B5 /* Assets.xcassets */; };
		14E9092C2BB0787200BD13B5 /* Preview Assets.xcassets in Resources */ = {isa = PBXBuildFile; fileRef = 14E9092B2BB0787200BD13B5 /* Preview Assets.xcassets */; };
		14E909332BB0788300BD13B5 /* Reading.swift in Sources */ = {isa = PBXBuildFile; fileRef = 14E909322BB0788300BD13B5 /* Reading.swift */; };
		14E909352BB0798F00BD13B5 /* AddReadingView.swift in Sources */ = {isa = PBXBuildFile; fileRef = 14E909342BB0798F00BD13B5 /* AddReadingView.swift */; };
		14E909372BB079AF00BD13B5 /* AddReadingViewViewModel.swift in Sources */ = {isa = PBXBuildFile; fileRef = 14E909362BB079AF00BD13B5 /* AddReadingViewViewModel.swift */; };
/* End PBXBuildFile section */

/* Begin PBXContainerItemProxy section */
		1456398E2BCD4FEC0085AE4A /* PBXContainerItemProxy */ = {
			isa = PBXContainerItemProxy;
			containerPortal = 14E909192BB0787000BD13B5 /* Project object */;
			proxyType = 1;
			remoteGlobalIDString = 14E909202BB0787000BD13B5;
			remoteInfo = iBloodPressure;
		};
/* End PBXContainerItemProxy section */

/* Begin PBXFileReference section */
		145639802BCD048A0085AE4A /* README.md */ = {isa = PBXFileReference; lastKnownFileType = net.daringfireball.markdown; path = README.md; sourceTree = "<group>"; };
		145639812BCD06010085AE4A /* NHSBloodPressureView.swift */ = {isa = PBXFileReference; lastKnownFileType = sourcecode.swift; path = NHSBloodPressureView.swift; sourceTree = "<group>"; };
		145639842BCD32B40085AE4A /* NHSBloodPressureViewViewModel.swift */ = {isa = PBXFileReference; lastKnownFileType = sourcecode.swift; path = NHSBloodPressureViewViewModel.swift; sourceTree = "<group>"; };
		1456398A2BCD4FEC0085AE4A /* BPBuddyTests.xctest */ = {isa = PBXFileReference; explicitFileType = wrapper.cfbundle; includeInIndex = 0; path = BPBuddyTests.xctest; sourceTree = BUILT_PRODUCTS_DIR; };
		145639942BCD503F0085AE4A /* ReadingIndicatorViewViewModelTest.swift */ = {isa = PBXFileReference; lastKnownFileType = sourcecode.swift; path = ReadingIndicatorViewViewModelTest.swift; sourceTree = "<group>"; };
		145639972BD0102A0085AE4A /* BackgroundView.swift */ = {isa = PBXFileReference; lastKnownFileType = sourcecode.swift; path = BackgroundView.swift; sourceTree = "<group>"; };
		145639992BD0108A0085AE4A /* SystolicAxisView.swift */ = {isa = PBXFileReference; lastKnownFileType = sourcecode.swift; path = SystolicAxisView.swift; sourceTree = "<group>"; };
		1456399B2BD011C10085AE4A /* ReadingIndicatorView.swift */ = {isa = PBXFileReference; lastKnownFileType = sourcecode.swift; path = ReadingIndicatorView.swift; sourceTree = "<group>"; };
		1456399D2BD022560085AE4A /* DiastolicAxisView.swift */ = {isa = PBXFileReference; lastKnownFileType = sourcecode.swift; path = DiastolicAxisView.swift; sourceTree = "<group>"; };
		1456399F2BD023D40085AE4A /* AxisText.swift */ = {isa = PBXFileReference; lastKnownFileType = sourcecode.swift; path = AxisText.swift; sourceTree = "<group>"; };
		145639A32BD185760085AE4A /* ReadingTest.swift */ = {isa = PBXFileReference; lastKnownFileType = sourcecode.swift; path = ReadingTest.swift; sourceTree = "<group>"; };
		145639A72BD552460085AE4A /* ReadingListViewViewModel.swift */ = {isa = PBXFileReference; lastKnownFileType = sourcecode.swift; path = ReadingListViewViewModel.swift; sourceTree = "<group>"; };
		145639AA2BD573C30085AE4A /* ReadingListItemViewTest.swift */ = {isa = PBXFileReference; lastKnownFileType = sourcecode.swift; path = ReadingListItemViewTest.swift; sourceTree = "<group>"; };
		1490AE192BBD729300E30797 /* ReadingListView.swift */ = {isa = PBXFileReference; lastKnownFileType = sourcecode.swift; path = ReadingListView.swift; sourceTree = "<group>"; };
		1490AE1B2BBD8D5200E30797 /* EmptyView.swift */ = {isa = PBXFileReference; lastKnownFileType = sourcecode.swift; path = EmptyView.swift; sourceTree = "<group>"; };
		1490AE1D2BBD96A000E30797 /* ReadingListItemView.swift */ = {isa = PBXFileReference; lastKnownFileType = sourcecode.swift; path = ReadingListItemView.swift; sourceTree = "<group>"; };
		1490AE1F2BBD993500E30797 /* Colours.swift */ = {isa = PBXFileReference; lastKnownFileType = sourcecode.swift; path = Colours.swift; sourceTree = "<group>"; };
		14E909212BB0787000BD13B5 /* BPBuddy.app */ = {isa = PBXFileReference; explicitFileType = wrapper.application; includeInIndex = 0; path = BPBuddy.app; sourceTree = BUILT_PRODUCTS_DIR; };
		14E909242BB0787000BD13B5 /* iBloodPressureApp.swift */ = {isa = PBXFileReference; lastKnownFileType = sourcecode.swift; path = iBloodPressureApp.swift; sourceTree = "<group>"; };
		14E909262BB0787000BD13B5 /* ContentView.swift */ = {isa = PBXFileReference; lastKnownFileType = sourcecode.swift; path = ContentView.swift; sourceTree = "<group>"; };
		14E909282BB0787200BD13B5 /* Assets.xcassets */ = {isa = PBXFileReference; lastKnownFileType = folder.assetcatalog; path = Assets.xcassets; sourceTree = "<group>"; };
		14E9092B2BB0787200BD13B5 /* Preview Assets.xcassets */ = {isa = PBXFileReference; lastKnownFileType = folder.assetcatalog; path = "Preview Assets.xcassets"; sourceTree = "<group>"; };
		14E909322BB0788300BD13B5 /* Reading.swift */ = {isa = PBXFileReference; lastKnownFileType = sourcecode.swift; path = Reading.swift; sourceTree = "<group>"; };
		14E909342BB0798F00BD13B5 /* AddReadingView.swift */ = {isa = PBXFileReference; lastKnownFileType = sourcecode.swift; path = AddReadingView.swift; sourceTree = "<group>"; };
		14E909362BB079AF00BD13B5 /* AddReadingViewViewModel.swift */ = {isa = PBXFileReference; lastKnownFileType = sourcecode.swift; path = AddReadingViewViewModel.swift; sourceTree = "<group>"; };
/* End PBXFileReference section */

/* Begin PBXFrameworksBuildPhase section */
		145639872BCD4FEC0085AE4A /* Frameworks */ = {
			isa = PBXFrameworksBuildPhase;
			buildActionMask = 2147483647;
			files = (
			);
			runOnlyForDeploymentPostprocessing = 0;
		};
		14E9091E2BB0787000BD13B5 /* Frameworks */ = {
			isa = PBXFrameworksBuildPhase;
			buildActionMask = 2147483647;
			files = (
			);
			runOnlyForDeploymentPostprocessing = 0;
		};
/* End PBXFrameworksBuildPhase section */

/* Begin PBXGroup section */
		145639832BCD327C0085AE4A /* DataVisualisation */ = {
			isa = PBXGroup;
			children = (
				145639A52BD455690085AE4A /* NHS */,
			);
			path = DataVisualisation;
			sourceTree = "<group>";
		};
		1456398B2BCD4FEC0085AE4A /* BPBuddyTests */ = {
			isa = PBXGroup;
			children = (
				145639A92BD573A10085AE4A /* ReadingList */,
				145639932BCD50120085AE4A /* DataVisualisation */,
				145639A32BD185760085AE4A /* ReadingTest.swift */,
			);
			path = BPBuddyTests;
			sourceTree = "<group>";
		};
		145639932BCD50120085AE4A /* DataVisualisation */ = {
			isa = PBXGroup;
			children = (
				145639942BCD503F0085AE4A /* ReadingIndicatorViewViewModelTest.swift */,
			);
			path = DataVisualisation;
			sourceTree = "<group>";
		};
		145639A52BD455690085AE4A /* NHS */ = {
			isa = PBXGroup;
			children = (
				145639812BCD06010085AE4A /* NHSBloodPressureView.swift */,
				145639842BCD32B40085AE4A /* NHSBloodPressureViewViewModel.swift */,
				145639972BD0102A0085AE4A /* BackgroundView.swift */,
				145639992BD0108A0085AE4A /* SystolicAxisView.swift */,
				1456399B2BD011C10085AE4A /* ReadingIndicatorView.swift */,
				1456399D2BD022560085AE4A /* DiastolicAxisView.swift */,
				1456399F2BD023D40085AE4A /* AxisText.swift */,
			);
			path = NHS;
			sourceTree = "<group>";
		};
		145639A62BD5521C0085AE4A /* ReadingList */ = {
			isa = PBXGroup;
			children = (
				1490AE1D2BBD96A000E30797 /* ReadingListItemView.swift */,
				1490AE192BBD729300E30797 /* ReadingListView.swift */,
				145639A72BD552460085AE4A /* ReadingListViewViewModel.swift */,
			);
			path = ReadingList;
			sourceTree = "<group>";
		};
		145639A92BD573A10085AE4A /* ReadingList */ = {
			isa = PBXGroup;
			children = (
				145639AA2BD573C30085AE4A /* ReadingListItemViewTest.swift */,
			);
			path = ReadingList;
			sourceTree = "<group>";
		};
		14E909182BB0787000BD13B5 = {
			isa = PBXGroup;
			children = (
				14E909232BB0787000BD13B5 /* BPBuddy */,
				1456398B2BCD4FEC0085AE4A /* BPBuddyTests */,
				14E909222BB0787000BD13B5 /* Products */,
			);
			sourceTree = "<group>";
		};
		14E909222BB0787000BD13B5 /* Products */ = {
			isa = PBXGroup;
			children = (
				14E909212BB0787000BD13B5 /* BPBuddy.app */,
				1456398A2BCD4FEC0085AE4A /* BPBuddyTests.xctest */,
			);
			name = Products;
			sourceTree = "<group>";
		};
		14E909232BB0787000BD13B5 /* BPBuddy */ = {
			isa = PBXGroup;
			children = (
				145639A62BD5521C0085AE4A /* ReadingList */,
				145639832BCD327C0085AE4A /* DataVisualisation */,
				14E909242BB0787000BD13B5 /* iBloodPressureApp.swift */,
				14E909262BB0787000BD13B5 /* ContentView.swift */,
				14E909282BB0787200BD13B5 /* Assets.xcassets */,
				14E9092A2BB0787200BD13B5 /* Preview Content */,
				14E909322BB0788300BD13B5 /* Reading.swift */,
				14E909342BB0798F00BD13B5 /* AddReadingView.swift */,
				14E909362BB079AF00BD13B5 /* AddReadingViewViewModel.swift */,
				1490AE1B2BBD8D5200E30797 /* EmptyView.swift */,
				1490AE1F2BBD993500E30797 /* Colours.swift */,
				145639802BCD048A0085AE4A /* README.md */,
			);
			path = BPBuddy;
			sourceTree = "<group>";
		};
		14E9092A2BB0787200BD13B5 /* Preview Content */ = {
			isa = PBXGroup;
			children = (
				14E9092B2BB0787200BD13B5 /* Preview Assets.xcassets */,
			);
			path = "Preview Content";
			sourceTree = "<group>";
		};
/* End PBXGroup section */

/* Begin PBXNativeTarget section */
		145639892BCD4FEC0085AE4A /* BPBuddyTests */ = {
			isa = PBXNativeTarget;
			buildConfigurationList = 145639902BCD4FEC0085AE4A /* Build configuration list for PBXNativeTarget "BPBuddyTests" */;
			buildPhases = (
				145639862BCD4FEC0085AE4A /* Sources */,
				145639872BCD4FEC0085AE4A /* Frameworks */,
				145639882BCD4FEC0085AE4A /* Resources */,
			);
			buildRules = (
			);
			dependencies = (
				1456398F2BCD4FEC0085AE4A /* PBXTargetDependency */,
			);
			name = BPBuddyTests;
			productName = iBloodPressureTests;
			productReference = 1456398A2BCD4FEC0085AE4A /* BPBuddyTests.xctest */;
			productType = "com.apple.product-type.bundle.unit-test";
		};
		14E909202BB0787000BD13B5 /* BPBuddy */ = {
			isa = PBXNativeTarget;
			buildConfigurationList = 14E9092F2BB0787200BD13B5 /* Build configuration list for PBXNativeTarget "BPBuddy" */;
			buildPhases = (
				14E9091D2BB0787000BD13B5 /* Sources */,
				14E9091E2BB0787000BD13B5 /* Frameworks */,
				14E9091F2BB0787000BD13B5 /* Resources */,
			);
			buildRules = (
			);
			dependencies = (
			);
			name = BPBuddy;
			productName = iBloodPressure;
			productReference = 14E909212BB0787000BD13B5 /* BPBuddy.app */;
			productType = "com.apple.product-type.application";
		};
/* End PBXNativeTarget section */

/* Begin PBXProject section */
		14E909192BB0787000BD13B5 /* Project object */ = {
			isa = PBXProject;
			attributes = {
				BuildIndependentTargetsInParallel = 1;
				LastSwiftUpdateCheck = 1530;
				LastUpgradeCheck = 1530;
				TargetAttributes = {
					145639892BCD4FEC0085AE4A = {
						CreatedOnToolsVersion = 15.3;
						TestTargetID = 14E909202BB0787000BD13B5;
					};
					14E909202BB0787000BD13B5 = {
						CreatedOnToolsVersion = 15.3;
					};
				};
			};
			buildConfigurationList = 14E9091C2BB0787000BD13B5 /* Build configuration list for PBXProject "BPBuddy" */;
			compatibilityVersion = "Xcode 14.0";
			developmentRegion = en;
			hasScannedForEncodings = 0;
			knownRegions = (
				en,
				Base,
			);
			mainGroup = 14E909182BB0787000BD13B5;
			productRefGroup = 14E909222BB0787000BD13B5 /* Products */;
			projectDirPath = "";
			projectRoot = "";
			targets = (
				14E909202BB0787000BD13B5 /* BPBuddy */,
				145639892BCD4FEC0085AE4A /* BPBuddyTests */,
			);
		};
/* End PBXProject section */

/* Begin PBXResourcesBuildPhase section */
		145639882BCD4FEC0085AE4A /* Resources */ = {
			isa = PBXResourcesBuildPhase;
			buildActionMask = 2147483647;
			files = (
			);
			runOnlyForDeploymentPostprocessing = 0;
		};
		14E9091F2BB0787000BD13B5 /* Resources */ = {
			isa = PBXResourcesBuildPhase;
			buildActionMask = 2147483647;
			files = (
				14E9092C2BB0787200BD13B5 /* Preview Assets.xcassets in Resources */,
				14E909292BB0787200BD13B5 /* Assets.xcassets in Resources */,
			);
			runOnlyForDeploymentPostprocessing = 0;
		};
/* End PBXResourcesBuildPhase section */

/* Begin PBXSourcesBuildPhase section */
		145639862BCD4FEC0085AE4A /* Sources */ = {
			isa = PBXSourcesBuildPhase;
			buildActionMask = 2147483647;
			files = (
				145639AB2BD573C30085AE4A /* ReadingListItemViewTest.swift in Sources */,
				145639A42BD185760085AE4A /* ReadingTest.swift in Sources */,
				145639952BCD503F0085AE4A /* ReadingIndicatorViewViewModelTest.swift in Sources */,
			);
			runOnlyForDeploymentPostprocessing = 0;
		};
		14E9091D2BB0787000BD13B5 /* Sources */ = {
			isa = PBXSourcesBuildPhase;
			buildActionMask = 2147483647;
			files = (
				145639822BCD06020085AE4A /* NHSBloodPressureView.swift in Sources */,
				14E909272BB0787000BD13B5 /* ContentView.swift in Sources */,
				145639852BCD32B40085AE4A /* NHSBloodPressureViewViewModel.swift in Sources */,
				14E909352BB0798F00BD13B5 /* AddReadingView.swift in Sources */,
				14E909372BB079AF00BD13B5 /* AddReadingViewViewModel.swift in Sources */,
				14E909252BB0787000BD13B5 /* iBloodPressureApp.swift in Sources */,
				1456399A2BD0108A0085AE4A /* SystolicAxisView.swift in Sources */,
				145639982BD0102A0085AE4A /* BackgroundView.swift in Sources */,
				1456399E2BD022570085AE4A /* DiastolicAxisView.swift in Sources */,
				145639A02BD023D40085AE4A /* AxisText.swift in Sources */,
				1490AE1E2BBD96A100E30797 /* ReadingListItemView.swift in Sources */,
				145639A82BD552460085AE4A /* ReadingListViewViewModel.swift in Sources */,
				1456399C2BD011C10085AE4A /* ReadingIndicatorView.swift in Sources */,
				14E909332BB0788300BD13B5 /* Reading.swift in Sources */,
				1490AE1C2BBD8D5200E30797 /* EmptyView.swift in Sources */,
				1490AE202BBD993500E30797 /* Colours.swift in Sources */,
				1490AE1A2BBD729300E30797 /* ReadingListView.swift in Sources */,
			);
			runOnlyForDeploymentPostprocessing = 0;
		};
/* End PBXSourcesBuildPhase section */

/* Begin PBXTargetDependency section */
		1456398F2BCD4FEC0085AE4A /* PBXTargetDependency */ = {
			isa = PBXTargetDependency;
			target = 14E909202BB0787000BD13B5 /* BPBuddy */;
			targetProxy = 1456398E2BCD4FEC0085AE4A /* PBXContainerItemProxy */;
		};
/* End PBXTargetDependency section */

/* Begin XCBuildConfiguration section */
		145639912BCD4FEC0085AE4A /* Debug */ = {
			isa = XCBuildConfiguration;
			buildSettings = {
				BUNDLE_LOADER = "$(TEST_HOST)";
				CODE_SIGN_STYLE = Automatic;
				CURRENT_PROJECT_VERSION = 1;
				DEVELOPMENT_TEAM = F4Y4J7N38V;
				GENERATE_INFOPLIST_FILE = YES;
				MARKETING_VERSION = 1.0;
				PRODUCT_BUNDLE_IDENTIFIER = es.seanowenhay.BPBuddyTests;
				PRODUCT_NAME = "$(TARGET_NAME)";
				SWIFT_EMIT_LOC_STRINGS = NO;
				SWIFT_VERSION = 5.0;
				TARGETED_DEVICE_FAMILY = "1,2";
				TEST_HOST = "$(BUILT_PRODUCTS_DIR)/BPBuddy.app/$(BUNDLE_EXECUTABLE_FOLDER_PATH)BPBuddy";
			};
			name = Debug;
		};
		145639922BCD4FEC0085AE4A /* Release */ = {
			isa = XCBuildConfiguration;
			buildSettings = {
				BUNDLE_LOADER = "$(TEST_HOST)";
				CODE_SIGN_STYLE = Automatic;
				CURRENT_PROJECT_VERSION = 1;
				DEVELOPMENT_TEAM = F4Y4J7N38V;
				GENERATE_INFOPLIST_FILE = YES;
				MARKETING_VERSION = 1.0;
				PRODUCT_BUNDLE_IDENTIFIER = es.seanowenhay.BPBuddyTests;
				PRODUCT_NAME = "$(TARGET_NAME)";
				SWIFT_EMIT_LOC_STRINGS = NO;
				SWIFT_VERSION = 5.0;
				TARGETED_DEVICE_FAMILY = "1,2";
				TEST_HOST = "$(BUILT_PRODUCTS_DIR)/BPBuddy.app/$(BUNDLE_EXECUTABLE_FOLDER_PATH)BPBuddy";
			};
			name = Release;
		};
		14E9092D2BB0787200BD13B5 /* Debug */ = {
			isa = XCBuildConfiguration;
			buildSettings = {
				ALWAYS_SEARCH_USER_PATHS = NO;
				ASSETCATALOG_COMPILER_GENERATE_SWIFT_ASSET_SYMBOL_EXTENSIONS = YES;
				CLANG_ANALYZER_NONNULL = YES;
				CLANG_ANALYZER_NUMBER_OBJECT_CONVERSION = YES_AGGRESSIVE;
				CLANG_CXX_LANGUAGE_STANDARD = "gnu++20";
				CLANG_ENABLE_MODULES = YES;
				CLANG_ENABLE_OBJC_ARC = YES;
				CLANG_ENABLE_OBJC_WEAK = YES;
				CLANG_WARN_BLOCK_CAPTURE_AUTORELEASING = YES;
				CLANG_WARN_BOOL_CONVERSION = YES;
				CLANG_WARN_COMMA = YES;
				CLANG_WARN_CONSTANT_CONVERSION = YES;
				CLANG_WARN_DEPRECATED_OBJC_IMPLEMENTATIONS = YES;
				CLANG_WARN_DIRECT_OBJC_ISA_USAGE = YES_ERROR;
				CLANG_WARN_DOCUMENTATION_COMMENTS = YES;
				CLANG_WARN_EMPTY_BODY = YES;
				CLANG_WARN_ENUM_CONVERSION = YES;
				CLANG_WARN_INFINITE_RECURSION = YES;
				CLANG_WARN_INT_CONVERSION = YES;
				CLANG_WARN_NON_LITERAL_NULL_CONVERSION = YES;
				CLANG_WARN_OBJC_IMPLICIT_RETAIN_SELF = YES;
				CLANG_WARN_OBJC_LITERAL_CONVERSION = YES;
				CLANG_WARN_OBJC_ROOT_CLASS = YES_ERROR;
				CLANG_WARN_QUOTED_INCLUDE_IN_FRAMEWORK_HEADER = YES;
				CLANG_WARN_RANGE_LOOP_ANALYSIS = YES;
				CLANG_WARN_STRICT_PROTOTYPES = YES;
				CLANG_WARN_SUSPICIOUS_MOVE = YES;
				CLANG_WARN_UNGUARDED_AVAILABILITY = YES_AGGRESSIVE;
				CLANG_WARN_UNREACHABLE_CODE = YES;
				CLANG_WARN__DUPLICATE_METHOD_MATCH = YES;
				COPY_PHASE_STRIP = NO;
				DEBUG_INFORMATION_FORMAT = dwarf;
				ENABLE_STRICT_OBJC_MSGSEND = YES;
				ENABLE_TESTABILITY = YES;
				ENABLE_USER_SCRIPT_SANDBOXING = YES;
				GCC_C_LANGUAGE_STANDARD = gnu17;
				GCC_DYNAMIC_NO_PIC = NO;
				GCC_NO_COMMON_BLOCKS = YES;
				GCC_OPTIMIZATION_LEVEL = 0;
				GCC_PREPROCESSOR_DEFINITIONS = (
					"DEBUG=1",
					"$(inherited)",
				);
				GCC_WARN_64_TO_32_BIT_CONVERSION = YES;
				GCC_WARN_ABOUT_RETURN_TYPE = YES_ERROR;
				GCC_WARN_UNDECLARED_SELECTOR = YES;
				GCC_WARN_UNINITIALIZED_AUTOS = YES_AGGRESSIVE;
				GCC_WARN_UNUSED_FUNCTION = YES;
				GCC_WARN_UNUSED_VARIABLE = YES;
				IPHONEOS_DEPLOYMENT_TARGET = 17.4;
				LOCALIZATION_PREFERS_STRING_CATALOGS = YES;
				MTL_ENABLE_DEBUG_INFO = INCLUDE_SOURCE;
				MTL_FAST_MATH = YES;
				ONLY_ACTIVE_ARCH = YES;
				SDKROOT = iphoneos;
				SWIFT_ACTIVE_COMPILATION_CONDITIONS = "DEBUG $(inherited)";
				SWIFT_OPTIMIZATION_LEVEL = "-Onone";
			};
			name = Debug;
		};
		14E9092E2BB0787200BD13B5 /* Release */ = {
			isa = XCBuildConfiguration;
			buildSettings = {
				ALWAYS_SEARCH_USER_PATHS = NO;
				ASSETCATALOG_COMPILER_GENERATE_SWIFT_ASSET_SYMBOL_EXTENSIONS = YES;
				CLANG_ANALYZER_NONNULL = YES;
				CLANG_ANALYZER_NUMBER_OBJECT_CONVERSION = YES_AGGRESSIVE;
				CLANG_CXX_LANGUAGE_STANDARD = "gnu++20";
				CLANG_ENABLE_MODULES = YES;
				CLANG_ENABLE_OBJC_ARC = YES;
				CLANG_ENABLE_OBJC_WEAK = YES;
				CLANG_WARN_BLOCK_CAPTURE_AUTORELEASING = YES;
				CLANG_WARN_BOOL_CONVERSION = YES;
				CLANG_WARN_COMMA = YES;
				CLANG_WARN_CONSTANT_CONVERSION = YES;
				CLANG_WARN_DEPRECATED_OBJC_IMPLEMENTATIONS = YES;
				CLANG_WARN_DIRECT_OBJC_ISA_USAGE = YES_ERROR;
				CLANG_WARN_DOCUMENTATION_COMMENTS = YES;
				CLANG_WARN_EMPTY_BODY = YES;
				CLANG_WARN_ENUM_CONVERSION = YES;
				CLANG_WARN_INFINITE_RECURSION = YES;
				CLANG_WARN_INT_CONVERSION = YES;
				CLANG_WARN_NON_LITERAL_NULL_CONVERSION = YES;
				CLANG_WARN_OBJC_IMPLICIT_RETAIN_SELF = YES;
				CLANG_WARN_OBJC_LITERAL_CONVERSION = YES;
				CLANG_WARN_OBJC_ROOT_CLASS = YES_ERROR;
				CLANG_WARN_QUOTED_INCLUDE_IN_FRAMEWORK_HEADER = YES;
				CLANG_WARN_RANGE_LOOP_ANALYSIS = YES;
				CLANG_WARN_STRICT_PROTOTYPES = YES;
				CLANG_WARN_SUSPICIOUS_MOVE = YES;
				CLANG_WARN_UNGUARDED_AVAILABILITY = YES_AGGRESSIVE;
				CLANG_WARN_UNREACHABLE_CODE = YES;
				CLANG_WARN__DUPLICATE_METHOD_MATCH = YES;
				COPY_PHASE_STRIP = NO;
				DEBUG_INFORMATION_FORMAT = "dwarf-with-dsym";
				ENABLE_NS_ASSERTIONS = NO;
				ENABLE_STRICT_OBJC_MSGSEND = YES;
				ENABLE_USER_SCRIPT_SANDBOXING = YES;
				GCC_C_LANGUAGE_STANDARD = gnu17;
				GCC_NO_COMMON_BLOCKS = YES;
				GCC_WARN_64_TO_32_BIT_CONVERSION = YES;
				GCC_WARN_ABOUT_RETURN_TYPE = YES_ERROR;
				GCC_WARN_UNDECLARED_SELECTOR = YES;
				GCC_WARN_UNINITIALIZED_AUTOS = YES_AGGRESSIVE;
				GCC_WARN_UNUSED_FUNCTION = YES;
				GCC_WARN_UNUSED_VARIABLE = YES;
				IPHONEOS_DEPLOYMENT_TARGET = 17.4;
				LOCALIZATION_PREFERS_STRING_CATALOGS = YES;
				MTL_ENABLE_DEBUG_INFO = NO;
				MTL_FAST_MATH = YES;
				SDKROOT = iphoneos;
				SWIFT_COMPILATION_MODE = wholemodule;
				VALIDATE_PRODUCT = YES;
			};
			name = Release;
		};
		14E909302BB0787200BD13B5 /* Debug */ = {
			isa = XCBuildConfiguration;
			buildSettings = {
				ASSETCATALOG_COMPILER_APPICON_NAME = AppIcon;
				ASSETCATALOG_COMPILER_GLOBAL_ACCENT_COLOR_NAME = AccentColor;
				CODE_SIGN_STYLE = Automatic;
				CURRENT_PROJECT_VERSION = 1;
				DEVELOPMENT_ASSET_PATHS = "\"BPBuddy/Preview Content\"";
				DEVELOPMENT_TEAM = F4Y4J7N38V;
				ENABLE_PREVIEWS = YES;
				GENERATE_INFOPLIST_FILE = YES;
				INFOPLIST_KEY_UIApplicationSceneManifest_Generation = YES;
				INFOPLIST_KEY_UIApplicationSupportsIndirectInputEvents = YES;
				INFOPLIST_KEY_UILaunchScreen_Generation = YES;
				INFOPLIST_KEY_UISupportedInterfaceOrientations_iPad = "UIInterfaceOrientationPortrait UIInterfaceOrientationPortraitUpsideDown UIInterfaceOrientationLandscapeLeft UIInterfaceOrientationLandscapeRight";
				INFOPLIST_KEY_UISupportedInterfaceOrientations_iPhone = "UIInterfaceOrientationPortrait UIInterfaceOrientationLandscapeLeft UIInterfaceOrientationLandscapeRight";
				IPHONEOS_DEPLOYMENT_TARGET = 17.0;
				LD_RUNPATH_SEARCH_PATHS = (
					"$(inherited)",
					"@executable_path/Frameworks",
				);
				MARKETING_VERSION = 1.0;
				PRODUCT_BUNDLE_IDENTIFIER = es.seanowenhay.BPBuddy;
				PRODUCT_NAME = "$(TARGET_NAME)";
				SWIFT_EMIT_LOC_STRINGS = YES;
				SWIFT_VERSION = 5.0;
				TARGETED_DEVICE_FAMILY = "1,2";
			};
			name = Debug;
		};
		14E909312BB0787200BD13B5 /* Release */ = {
			isa = XCBuildConfiguration;
			buildSettings = {
				ASSETCATALOG_COMPILER_APPICON_NAME = AppIcon;
				ASSETCATALOG_COMPILER_GLOBAL_ACCENT_COLOR_NAME = AccentColor;
				CODE_SIGN_STYLE = Automatic;
				CURRENT_PROJECT_VERSION = 1;
				DEVELOPMENT_ASSET_PATHS = "\"BPBuddy/Preview Content\"";
				DEVELOPMENT_TEAM = F4Y4J7N38V;
				ENABLE_PREVIEWS = YES;
				GENERATE_INFOPLIST_FILE = YES;
				INFOPLIST_KEY_UIApplicationSceneManifest_Generation = YES;
				INFOPLIST_KEY_UIApplicationSupportsIndirectInputEvents = YES;
				INFOPLIST_KEY_UILaunchScreen_Generation = YES;
				INFOPLIST_KEY_UISupportedInterfaceOrientations_iPad = "UIInterfaceOrientationPortrait UIInterfaceOrientationPortraitUpsideDown UIInterfaceOrientationLandscapeLeft UIInterfaceOrientationLandscapeRight";
				INFOPLIST_KEY_UISupportedInterfaceOrientations_iPhone = "UIInterfaceOrientationPortrait UIInterfaceOrientationLandscapeLeft UIInterfaceOrientationLandscapeRight";
				IPHONEOS_DEPLOYMENT_TARGET = 17.0;
				LD_RUNPATH_SEARCH_PATHS = (
					"$(inherited)",
					"@executable_path/Frameworks",
				);
				MARKETING_VERSION = 1.0;
				PRODUCT_BUNDLE_IDENTIFIER = es.seanowenhay.BPBuddy;
				PRODUCT_NAME = "$(TARGET_NAME)";
				SWIFT_EMIT_LOC_STRINGS = YES;
				SWIFT_VERSION = 5.0;
				TARGETED_DEVICE_FAMILY = "1,2";
			};
			name = Release;
		};
/* End XCBuildConfiguration section */

/* Begin XCConfigurationList section */
		145639902BCD4FEC0085AE4A /* Build configuration list for PBXNativeTarget "BPBuddyTests" */ = {
			isa = XCConfigurationList;
			buildConfigurations = (
				145639912BCD4FEC0085AE4A /* Debug */,
				145639922BCD4FEC0085AE4A /* Release */,
			);
			defaultConfigurationIsVisible = 0;
			defaultConfigurationName = Release;
		};
		14E9091C2BB0787000BD13B5 /* Build configuration list for PBXProject "BPBuddy" */ = {
			isa = XCConfigurationList;
			buildConfigurations = (
				14E9092D2BB0787200BD13B5 /* Debug */,
				14E9092E2BB0787200BD13B5 /* Release */,
			);
			defaultConfigurationIsVisible = 0;
			defaultConfigurationName = Release;
		};
		14E9092F2BB0787200BD13B5 /* Build configuration list for PBXNativeTarget "BPBuddy" */ = {
			isa = XCConfigurationList;
			buildConfigurations = (
				14E909302BB0787200BD13B5 /* Debug */,
				14E909312BB0787200BD13B5 /* Release */,
			);
			defaultConfigurationIsVisible = 0;
			defaultConfigurationName = Release;
		};
/* End XCConfigurationList section */
	};
	rootObject = 14E909192BB0787000BD13B5 /* Project object */;
}
